// !$*UTF8*$!
{
	archiveVersion = 1;
	classes = {
	};
	objectVersion = 56;
	objects = {

/* Begin PBXBuildFile section */
		5B468CE92AAF070400A87CE0 /* TouchdownApp.swift in Sources */ = {isa = PBXBuildFile; fileRef = 5B468CE82AAF070400A87CE0 /* TouchdownApp.swift */; };
		5B468CEB2AAF070400A87CE0 /* ContentView.swift in Sources */ = {isa = PBXBuildFile; fileRef = 5B468CEA2AAF070400A87CE0 /* ContentView.swift */; };
		5B468CED2AAF070500A87CE0 /* Assets.xcassets in Resources */ = {isa = PBXBuildFile; fileRef = 5B468CEC2AAF070500A87CE0 /* Assets.xcassets */; };
		5B468CF02AAF070500A87CE0 /* Preview Assets.xcassets in Resources */ = {isa = PBXBuildFile; fileRef = 5B468CEF2AAF070500A87CE0 /* Preview Assets.xcassets */; };
		5B468D0E2AAF0A4F00A87CE0 /* category.json in Resources */ = {isa = PBXBuildFile; fileRef = 5B468D0A2AAF0A4F00A87CE0 /* category.json */; };
		5B468D0F2AAF0A4F00A87CE0 /* brand.json in Resources */ = {isa = PBXBuildFile; fileRef = 5B468D0B2AAF0A4F00A87CE0 /* brand.json */; };
		5B468D102AAF0A4F00A87CE0 /* player.json in Resources */ = {isa = PBXBuildFile; fileRef = 5B468D0C2AAF0A4F00A87CE0 /* player.json */; };
		5B468D112AAF0A4F00A87CE0 /* product.json in Resources */ = {isa = PBXBuildFile; fileRef = 5B468D0D2AAF0A4F00A87CE0 /* product.json */; };
		5B468D1C2AAF0DEA00A87CE0 /* Constant.swift in Sources */ = {isa = PBXBuildFile; fileRef = 5B468D1B2AAF0DEA00A87CE0 /* Constant.swift */; };
		5B468D1E2AAF0F3800A87CE0 /* FooterView.swift in Sources */ = {isa = PBXBuildFile; fileRef = 5B468D1D2AAF0F3800A87CE0 /* FooterView.swift */; };
		5B468D202AAF152500A87CE0 /* NavigationBarView.swift in Sources */ = {isa = PBXBuildFile; fileRef = 5B468D1F2AAF152500A87CE0 /* NavigationBarView.swift */; };
		5B468D222AAF170E00A87CE0 /* LogoView.swift in Sources */ = {isa = PBXBuildFile; fileRef = 5B468D212AAF170E00A87CE0 /* LogoView.swift */; };
		5B468D282AAF237F00A87CE0 /* PlayerModel.swift in Sources */ = {isa = PBXBuildFile; fileRef = 5B468D272AAF237F00A87CE0 /* PlayerModel.swift */; };
		5B468D2A2AAF23E200A87CE0 /* CodableBundleExtansion.swift in Sources */ = {isa = PBXBuildFile; fileRef = 5B468D292AAF23E200A87CE0 /* CodableBundleExtansion.swift */; };
		5B468D2C2AAF25A600A87CE0 /* FeaturedItemView.swift in Sources */ = {isa = PBXBuildFile; fileRef = 5B468D2B2AAF25A600A87CE0 /* FeaturedItemView.swift */; };
		5B468D2E2AAF261C00A87CE0 /* FeaturedTabView.swift in Sources */ = {isa = PBXBuildFile; fileRef = 5B468D2D2AAF261C00A87CE0 /* FeaturedTabView.swift */; };
		5B468D302AAF2C5100A87CE0 /* CategoryModel.swift in Sources */ = {isa = PBXBuildFile; fileRef = 5B468D2F2AAF2C5100A87CE0 /* CategoryModel.swift */; };
		5B468D322AAF2D4900A87CE0 /* CategoryItemView.swift in Sources */ = {isa = PBXBuildFile; fileRef = 5B468D312AAF2D4900A87CE0 /* CategoryItemView.swift */; };
		5B468D342AAF2E7000A87CE0 /* CategoryGridView.swift in Sources */ = {isa = PBXBuildFile; fileRef = 5B468D332AAF2E7000A87CE0 /* CategoryGridView.swift */; };
		5B468D362AAF309500A87CE0 /* SectionView.swift in Sources */ = {isa = PBXBuildFile; fileRef = 5B468D352AAF309500A87CE0 /* SectionView.swift */; };
		5B468D382AAF3CEA00A87CE0 /* TitleView.swift in Sources */ = {isa = PBXBuildFile; fileRef = 5B468D372AAF3CEA00A87CE0 /* TitleView.swift */; };
		5B468D3A2AAF3E1200A87CE0 /* ProductModel.swift in Sources */ = {isa = PBXBuildFile; fileRef = 5B468D392AAF3E1200A87CE0 /* ProductModel.swift */; };
		5B468D3C2AAF3EB100A87CE0 /* ProductItemView.swift in Sources */ = {isa = PBXBuildFile; fileRef = 5B468D3B2AAF3EB100A87CE0 /* ProductItemView.swift */; };
		5B468D3E2AAF4F0200A87CE0 /* BrandModel.swift in Sources */ = {isa = PBXBuildFile; fileRef = 5B468D3D2AAF4F0200A87CE0 /* BrandModel.swift */; };
		5B468D402AAF4F7400A87CE0 /* BrandItemView.swift in Sources */ = {isa = PBXBuildFile; fileRef = 5B468D3F2AAF4F7400A87CE0 /* BrandItemView.swift */; };
		5B468D422AAF504300A87CE0 /* BrandGridView.swift in Sources */ = {isa = PBXBuildFile; fileRef = 5B468D412AAF504300A87CE0 /* BrandGridView.swift */; };
		5B468D442AAF620400A87CE0 /* ProductDetailView.swift in Sources */ = {isa = PBXBuildFile; fileRef = 5B468D432AAF620400A87CE0 /* ProductDetailView.swift */; };
		5B468D462AAF63A700A87CE0 /* NavigationBarDetailView.swift in Sources */ = {isa = PBXBuildFile; fileRef = 5B468D452AAF63A700A87CE0 /* NavigationBarDetailView.swift */; };
		5B468D482AAF81D400A87CE0 /* HeaderDetailView.swift in Sources */ = {isa = PBXBuildFile; fileRef = 5B468D472AAF81D400A87CE0 /* HeaderDetailView.swift */; };
		5B468D4A2AAF82DC00A87CE0 /* TopPartDetailView.swift in Sources */ = {isa = PBXBuildFile; fileRef = 5B468D492AAF82DC00A87CE0 /* TopPartDetailView.swift */; };
		5B468D4C2AAF89E000A87CE0 /* CustomShape.swift in Sources */ = {isa = PBXBuildFile; fileRef = 5B468D4B2AAF89E000A87CE0 /* CustomShape.swift */; };
		5B468D4E2AAF8C4400A87CE0 /* RatingSizesDetailView.swift in Sources */ = {isa = PBXBuildFile; fileRef = 5B468D4D2AAF8C4400A87CE0 /* RatingSizesDetailView.swift */; };
		5B468D502AAF8F1000A87CE0 /* QuantityFavouriteDetailView.swift in Sources */ = {isa = PBXBuildFile; fileRef = 5B468D4F2AAF8F1000A87CE0 /* QuantityFavouriteDetailView.swift */; };
		5B468D522AAF90C100A87CE0 /* AddToCardDetailView.swift in Sources */ = {isa = PBXBuildFile; fileRef = 5B468D512AAF90C100A87CE0 /* AddToCardDetailView.swift */; };
		5B468D542AAF9E3A00A87CE0 /* Shop.swift in Sources */ = {isa = PBXBuildFile; fileRef = 5B468D532AAF9E3A00A87CE0 /* Shop.swift */; };
/* End PBXBuildFile section */

/* Begin PBXFileReference section */
		5B468CE52AAF070400A87CE0 /* Touchdown.app */ = {isa = PBXFileReference; explicitFileType = wrapper.application; includeInIndex = 0; path = Touchdown.app; sourceTree = BUILT_PRODUCTS_DIR; };
		5B468CE82AAF070400A87CE0 /* TouchdownApp.swift */ = {isa = PBXFileReference; lastKnownFileType = sourcecode.swift; path = TouchdownApp.swift; sourceTree = "<group>"; };
		5B468CEA2AAF070400A87CE0 /* ContentView.swift */ = {isa = PBXFileReference; lastKnownFileType = sourcecode.swift; path = ContentView.swift; sourceTree = "<group>"; };
		5B468CEC2AAF070500A87CE0 /* Assets.xcassets */ = {isa = PBXFileReference; lastKnownFileType = folder.assetcatalog; path = Assets.xcassets; sourceTree = "<group>"; };
		5B468CEF2AAF070500A87CE0 /* Preview Assets.xcassets */ = {isa = PBXFileReference; lastKnownFileType = folder.assetcatalog; path = "Preview Assets.xcassets"; sourceTree = "<group>"; };
		5B468D0A2AAF0A4F00A87CE0 /* category.json */ = {isa = PBXFileReference; fileEncoding = 4; lastKnownFileType = text.json; path = category.json; sourceTree = "<group>"; };
		5B468D0B2AAF0A4F00A87CE0 /* brand.json */ = {isa = PBXFileReference; fileEncoding = 4; lastKnownFileType = text.json; path = brand.json; sourceTree = "<group>"; };
		5B468D0C2AAF0A4F00A87CE0 /* player.json */ = {isa = PBXFileReference; fileEncoding = 4; lastKnownFileType = text.json; path = player.json; sourceTree = "<group>"; };
		5B468D0D2AAF0A4F00A87CE0 /* product.json */ = {isa = PBXFileReference; fileEncoding = 4; lastKnownFileType = text.json; path = product.json; sourceTree = "<group>"; };
		5B468D142AAF0D0E00A87CE0 /* Info.plist */ = {isa = PBXFileReference; lastKnownFileType = text.plist.xml; path = Info.plist; sourceTree = "<group>"; };
		5B468D1B2AAF0DEA00A87CE0 /* Constant.swift */ = {isa = PBXFileReference; lastKnownFileType = sourcecode.swift; path = Constant.swift; sourceTree = "<group>"; };
		5B468D1D2AAF0F3800A87CE0 /* FooterView.swift */ = {isa = PBXFileReference; lastKnownFileType = sourcecode.swift; path = FooterView.swift; sourceTree = "<group>"; };
		5B468D1F2AAF152500A87CE0 /* NavigationBarView.swift */ = {isa = PBXFileReference; lastKnownFileType = sourcecode.swift; path = NavigationBarView.swift; sourceTree = "<group>"; };
		5B468D212AAF170E00A87CE0 /* LogoView.swift */ = {isa = PBXFileReference; lastKnownFileType = sourcecode.swift; path = LogoView.swift; sourceTree = "<group>"; };
		5B468D272AAF237F00A87CE0 /* PlayerModel.swift */ = {isa = PBXFileReference; lastKnownFileType = sourcecode.swift; path = PlayerModel.swift; sourceTree = "<group>"; };
		5B468D292AAF23E200A87CE0 /* CodableBundleExtansion.swift */ = {isa = PBXFileReference; lastKnownFileType = sourcecode.swift; path = CodableBundleExtansion.swift; sourceTree = "<group>"; };
		5B468D2B2AAF25A600A87CE0 /* FeaturedItemView.swift */ = {isa = PBXFileReference; lastKnownFileType = sourcecode.swift; path = FeaturedItemView.swift; sourceTree = "<group>"; };
		5B468D2D2AAF261C00A87CE0 /* FeaturedTabView.swift */ = {isa = PBXFileReference; lastKnownFileType = sourcecode.swift; path = FeaturedTabView.swift; sourceTree = "<group>"; };
		5B468D2F2AAF2C5100A87CE0 /* CategoryModel.swift */ = {isa = PBXFileReference; lastKnownFileType = sourcecode.swift; path = CategoryModel.swift; sourceTree = "<group>"; };
		5B468D312AAF2D4900A87CE0 /* CategoryItemView.swift */ = {isa = PBXFileReference; lastKnownFileType = sourcecode.swift; path = CategoryItemView.swift; sourceTree = "<group>"; };
		5B468D332AAF2E7000A87CE0 /* CategoryGridView.swift */ = {isa = PBXFileReference; lastKnownFileType = sourcecode.swift; path = CategoryGridView.swift; sourceTree = "<group>"; };
		5B468D352AAF309500A87CE0 /* SectionView.swift */ = {isa = PBXFileReference; lastKnownFileType = sourcecode.swift; path = SectionView.swift; sourceTree = "<group>"; };
		5B468D372AAF3CEA00A87CE0 /* TitleView.swift */ = {isa = PBXFileReference; lastKnownFileType = sourcecode.swift; path = TitleView.swift; sourceTree = "<group>"; };
		5B468D392AAF3E1200A87CE0 /* ProductModel.swift */ = {isa = PBXFileReference; lastKnownFileType = sourcecode.swift; path = ProductModel.swift; sourceTree = "<group>"; };
		5B468D3B2AAF3EB100A87CE0 /* ProductItemView.swift */ = {isa = PBXFileReference; lastKnownFileType = sourcecode.swift; path = ProductItemView.swift; sourceTree = "<group>"; };
		5B468D3D2AAF4F0200A87CE0 /* BrandModel.swift */ = {isa = PBXFileReference; lastKnownFileType = sourcecode.swift; path = BrandModel.swift; sourceTree = "<group>"; };
		5B468D3F2AAF4F7400A87CE0 /* BrandItemView.swift */ = {isa = PBXFileReference; lastKnownFileType = sourcecode.swift; path = BrandItemView.swift; sourceTree = "<group>"; };
		5B468D412AAF504300A87CE0 /* BrandGridView.swift */ = {isa = PBXFileReference; lastKnownFileType = sourcecode.swift; path = BrandGridView.swift; sourceTree = "<group>"; };
		5B468D432AAF620400A87CE0 /* ProductDetailView.swift */ = {isa = PBXFileReference; lastKnownFileType = sourcecode.swift; path = ProductDetailView.swift; sourceTree = "<group>"; };
		5B468D452AAF63A700A87CE0 /* NavigationBarDetailView.swift */ = {isa = PBXFileReference; lastKnownFileType = sourcecode.swift; path = NavigationBarDetailView.swift; sourceTree = "<group>"; };
		5B468D472AAF81D400A87CE0 /* HeaderDetailView.swift */ = {isa = PBXFileReference; lastKnownFileType = sourcecode.swift; path = HeaderDetailView.swift; sourceTree = "<group>"; };
		5B468D492AAF82DC00A87CE0 /* TopPartDetailView.swift */ = {isa = PBXFileReference; lastKnownFileType = sourcecode.swift; path = TopPartDetailView.swift; sourceTree = "<group>"; };
		5B468D4B2AAF89E000A87CE0 /* CustomShape.swift */ = {isa = PBXFileReference; lastKnownFileType = sourcecode.swift; path = CustomShape.swift; sourceTree = "<group>"; };
		5B468D4D2AAF8C4400A87CE0 /* RatingSizesDetailView.swift */ = {isa = PBXFileReference; lastKnownFileType = sourcecode.swift; path = RatingSizesDetailView.swift; sourceTree = "<group>"; };
		5B468D4F2AAF8F1000A87CE0 /* QuantityFavouriteDetailView.swift */ = {isa = PBXFileReference; lastKnownFileType = sourcecode.swift; path = QuantityFavouriteDetailView.swift; sourceTree = "<group>"; };
		5B468D512AAF90C100A87CE0 /* AddToCardDetailView.swift */ = {isa = PBXFileReference; lastKnownFileType = sourcecode.swift; path = AddToCardDetailView.swift; sourceTree = "<group>"; };
		5B468D532AAF9E3A00A87CE0 /* Shop.swift */ = {isa = PBXFileReference; lastKnownFileType = sourcecode.swift; path = Shop.swift; sourceTree = "<group>"; };
/* End PBXFileReference section */

/* Begin PBXFrameworksBuildPhase section */
		5B468CE22AAF070400A87CE0 /* Frameworks */ = {
			isa = PBXFrameworksBuildPhase;
			buildActionMask = 2147483647;
			files = (
			);
			runOnlyForDeploymentPostprocessing = 0;
		};
/* End PBXFrameworksBuildPhase section */

/* Begin PBXGroup section */
		5B468CDC2AAF070400A87CE0 = {
			isa = PBXGroup;
			children = (
				5B468CE72AAF070400A87CE0 /* Touchdown */,
				5B468CE62AAF070400A87CE0 /* Products */,
			);
			sourceTree = "<group>";
		};
		5B468CE62AAF070400A87CE0 /* Products */ = {
			isa = PBXGroup;
			children = (
				5B468CE52AAF070400A87CE0 /* Touchdown.app */,
			);
			name = Products;
			sourceTree = "<group>";
		};
		5B468CE72AAF070400A87CE0 /* Touchdown */ = {
			isa = PBXGroup;
			children = (
				5B468D132AAF0A6200A87CE0 /* App */,
				5B468D1A2AAF0DB200A87CE0 /* Utility */,
				5B468D192AAF0DAD00A87CE0 /* Extansion */,
				5B468D142AAF0D0E00A87CE0 /* Info.plist */,
				5B468D122AAF0A5500A87CE0 /* Data */,
				5B468CEC2AAF070500A87CE0 /* Assets.xcassets */,
				5B468CEE2AAF070500A87CE0 /* Preview Content */,
			);
			path = Touchdown;
			sourceTree = "<group>";
		};
		5B468CEE2AAF070500A87CE0 /* Preview Content */ = {
			isa = PBXGroup;
			children = (
				5B468CEF2AAF070500A87CE0 /* Preview Assets.xcassets */,
			);
			path = "Preview Content";
			sourceTree = "<group>";
		};
		5B468D122AAF0A5500A87CE0 /* Data */ = {
			isa = PBXGroup;
			children = (
				5B468D0B2AAF0A4F00A87CE0 /* brand.json */,
				5B468D0A2AAF0A4F00A87CE0 /* category.json */,
				5B468D0C2AAF0A4F00A87CE0 /* player.json */,
				5B468D0D2AAF0A4F00A87CE0 /* product.json */,
			);
			path = Data;
			sourceTree = "<group>";
		};
		5B468D132AAF0A6200A87CE0 /* App */ = {
			isa = PBXGroup;
			children = (
				5B468CEA2AAF070400A87CE0 /* ContentView.swift */,
				5B468CE82AAF070400A87CE0 /* TouchdownApp.swift */,
				5B468D432AAF620400A87CE0 /* ProductDetailView.swift */,
				5B468D242AAF235E00A87CE0 /* Model */,
				5B468D152AAF0D8A00A87CE0 /* View */,
			);
			path = App;
			sourceTree = "<group>";
		};
		5B468D152AAF0D8A00A87CE0 /* View */ = {
			isa = PBXGroup;
			children = (
				5B468D162AAF0D9500A87CE0 /* Detail */,
				5B468D172AAF0D9B00A87CE0 /* Home */,
			);
			path = View;
			sourceTree = "<group>";
		};
		5B468D162AAF0D9500A87CE0 /* Detail */ = {
			isa = PBXGroup;
			children = (
				5B468D452AAF63A700A87CE0 /* NavigationBarDetailView.swift */,
				5B468D472AAF81D400A87CE0 /* HeaderDetailView.swift */,
				5B468D492AAF82DC00A87CE0 /* TopPartDetailView.swift */,
				5B468D4D2AAF8C4400A87CE0 /* RatingSizesDetailView.swift */,
				5B468D4F2AAF8F1000A87CE0 /* QuantityFavouriteDetailView.swift */,
				5B468D512AAF90C100A87CE0 /* AddToCardDetailView.swift */,
			);
			path = Detail;
			sourceTree = "<group>";
		};
		5B468D172AAF0D9B00A87CE0 /* Home */ = {
			isa = PBXGroup;
			children = (
				5B468D1D2AAF0F3800A87CE0 /* FooterView.swift */,
				5B468D1F2AAF152500A87CE0 /* NavigationBarView.swift */,
				5B468D212AAF170E00A87CE0 /* LogoView.swift */,
				5B468D2B2AAF25A600A87CE0 /* FeaturedItemView.swift */,
				5B468D2D2AAF261C00A87CE0 /* FeaturedTabView.swift */,
				5B468D312AAF2D4900A87CE0 /* CategoryItemView.swift */,
				5B468D332AAF2E7000A87CE0 /* CategoryGridView.swift */,
				5B468D352AAF309500A87CE0 /* SectionView.swift */,
				5B468D372AAF3CEA00A87CE0 /* TitleView.swift */,
				5B468D3B2AAF3EB100A87CE0 /* ProductItemView.swift */,
				5B468D3F2AAF4F7400A87CE0 /* BrandItemView.swift */,
				5B468D412AAF504300A87CE0 /* BrandGridView.swift */,
			);
			path = Home;
			sourceTree = "<group>";
		};
		5B468D192AAF0DAD00A87CE0 /* Extansion */ = {
			isa = PBXGroup;
			children = (
				5B468D292AAF23E200A87CE0 /* CodableBundleExtansion.swift */,
			);
			path = Extansion;
			sourceTree = "<group>";
		};
		5B468D1A2AAF0DB200A87CE0 /* Utility */ = {
			isa = PBXGroup;
			children = (
				5B468D1B2AAF0DEA00A87CE0 /* Constant.swift */,
				5B468D4B2AAF89E000A87CE0 /* CustomShape.swift */,
				5B468D532AAF9E3A00A87CE0 /* Shop.swift */,
			);
			path = Utility;
			sourceTree = "<group>";
		};
		5B468D242AAF235E00A87CE0 /* Model */ = {
			isa = PBXGroup;
			children = (
				5B468D272AAF237F00A87CE0 /* PlayerModel.swift */,
				5B468D2F2AAF2C5100A87CE0 /* CategoryModel.swift */,
				5B468D392AAF3E1200A87CE0 /* ProductModel.swift */,
				5B468D3D2AAF4F0200A87CE0 /* BrandModel.swift */,
			);
			path = Model;
			sourceTree = "<group>";
		};
/* End PBXGroup section */

/* Begin PBXNativeTarget section */
		5B468CE42AAF070400A87CE0 /* Touchdown */ = {
			isa = PBXNativeTarget;
			buildConfigurationList = 5B468CF32AAF070500A87CE0 /* Build configuration list for PBXNativeTarget "Touchdown" */;
			buildPhases = (
				5B468CE12AAF070400A87CE0 /* Sources */,
				5B468CE22AAF070400A87CE0 /* Frameworks */,
				5B468CE32AAF070400A87CE0 /* Resources */,
			);
			buildRules = (
			);
			dependencies = (
			);
			name = Touchdown;
			productName = Touchdown;
			productReference = 5B468CE52AAF070400A87CE0 /* Touchdown.app */;
			productType = "com.apple.product-type.application";
		};
/* End PBXNativeTarget section */

/* Begin PBXProject section */
		5B468CDD2AAF070400A87CE0 /* Project object */ = {
			isa = PBXProject;
			attributes = {
				BuildIndependentTargetsInParallel = 1;
				LastSwiftUpdateCheck = 1430;
				LastUpgradeCheck = 1430;
				TargetAttributes = {
					5B468CE42AAF070400A87CE0 = {
						CreatedOnToolsVersion = 14.3.1;
					};
				};
			};
			buildConfigurationList = 5B468CE02AAF070400A87CE0 /* Build configuration list for PBXProject "Touchdown" */;
			compatibilityVersion = "Xcode 14.0";
			developmentRegion = en;
			hasScannedForEncodings = 0;
			knownRegions = (
				en,
				Base,
			);
			mainGroup = 5B468CDC2AAF070400A87CE0;
			productRefGroup = 5B468CE62AAF070400A87CE0 /* Products */;
			projectDirPath = "";
			projectRoot = "";
			targets = (
				5B468CE42AAF070400A87CE0 /* Touchdown */,
			);
		};
/* End PBXProject section */

/* Begin PBXResourcesBuildPhase section */
		5B468CE32AAF070400A87CE0 /* Resources */ = {
			isa = PBXResourcesBuildPhase;
			buildActionMask = 2147483647;
			files = (
				5B468D102AAF0A4F00A87CE0 /* player.json in Resources */,
				5B468D0E2AAF0A4F00A87CE0 /* category.json in Resources */,
				5B468D0F2AAF0A4F00A87CE0 /* brand.json in Resources */,
				5B468CF02AAF070500A87CE0 /* Preview Assets.xcassets in Resources */,
				5B468CED2AAF070500A87CE0 /* Assets.xcassets in Resources */,
				5B468D112AAF0A4F00A87CE0 /* product.json in Resources */,
			);
			runOnlyForDeploymentPostprocessing = 0;
		};
/* End PBXResourcesBuildPhase section */

/* Begin PBXSourcesBuildPhase section */
		5B468CE12AAF070400A87CE0 /* Sources */ = {
			isa = PBXSourcesBuildPhase;
			buildActionMask = 2147483647;
			files = (
				5B468CEB2AAF070400A87CE0 /* ContentView.swift in Sources */,
				5B468D222AAF170E00A87CE0 /* LogoView.swift in Sources */,
				5B468D4A2AAF82DC00A87CE0 /* TopPartDetailView.swift in Sources */,
				5B468D202AAF152500A87CE0 /* NavigationBarView.swift in Sources */,
				5B468D1E2AAF0F3800A87CE0 /* FooterView.swift in Sources */,
				5B468D2C2AAF25A600A87CE0 /* FeaturedItemView.swift in Sources */,
				5B468D3C2AAF3EB100A87CE0 /* ProductItemView.swift in Sources */,
				5B468D422AAF504300A87CE0 /* BrandGridView.swift in Sources */,
				5B468D522AAF90C100A87CE0 /* AddToCardDetailView.swift in Sources */,
				5B468D2A2AAF23E200A87CE0 /* CodableBundleExtansion.swift in Sources */,
				5B468D442AAF620400A87CE0 /* ProductDetailView.swift in Sources */,
				5B468D462AAF63A700A87CE0 /* NavigationBarDetailView.swift in Sources */,
				5B468CE92AAF070400A87CE0 /* TouchdownApp.swift in Sources */,
				5B468D342AAF2E7000A87CE0 /* CategoryGridView.swift in Sources */,
				5B468D302AAF2C5100A87CE0 /* CategoryModel.swift in Sources */,
				5B468D1C2AAF0DEA00A87CE0 /* Constant.swift in Sources */,
				5B468D362AAF309500A87CE0 /* SectionView.swift in Sources */,
				5B468D402AAF4F7400A87CE0 /* BrandItemView.swift in Sources */,
				5B468D322AAF2D4900A87CE0 /* CategoryItemView.swift in Sources */,
				5B468D482AAF81D400A87CE0 /* HeaderDetailView.swift in Sources */,
				5B468D4E2AAF8C4400A87CE0 /* RatingSizesDetailView.swift in Sources */,
				5B468D2E2AAF261C00A87CE0 /* FeaturedTabView.swift in Sources */,
				5B468D4C2AAF89E000A87CE0 /* CustomShape.swift in Sources */,
				5B468D282AAF237F00A87CE0 /* PlayerModel.swift in Sources */,
				5B468D542AAF9E3A00A87CE0 /* Shop.swift in Sources */,
				5B468D3E2AAF4F0200A87CE0 /* BrandModel.swift in Sources */,
				5B468D382AAF3CEA00A87CE0 /* TitleView.swift in Sources */,
				5B468D502AAF8F1000A87CE0 /* QuantityFavouriteDetailView.swift in Sources */,
				5B468D3A2AAF3E1200A87CE0 /* ProductModel.swift in Sources */,
			);
			runOnlyForDeploymentPostprocessing = 0;
		};
/* End PBXSourcesBuildPhase section */

/* Begin XCBuildConfiguration section */
		5B468CF12AAF070500A87CE0 /* Debug */ = {
			isa = XCBuildConfiguration;
			buildSettings = {
				ALWAYS_SEARCH_USER_PATHS = NO;
				CLANG_ANALYZER_NONNULL = YES;
				CLANG_ANALYZER_NUMBER_OBJECT_CONVERSION = YES_AGGRESSIVE;
				CLANG_CXX_LANGUAGE_STANDARD = "gnu++20";
				CLANG_ENABLE_MODULES = YES;
				CLANG_ENABLE_OBJC_ARC = YES;
				CLANG_ENABLE_OBJC_WEAK = YES;
				CLANG_WARN_BLOCK_CAPTURE_AUTORELEASING = YES;
				CLANG_WARN_BOOL_CONVERSION = YES;
				CLANG_WARN_COMMA = YES;
				CLANG_WARN_CONSTANT_CONVERSION = YES;
				CLANG_WARN_DEPRECATED_OBJC_IMPLEMENTATIONS = YES;
				CLANG_WARN_DIRECT_OBJC_ISA_USAGE = YES_ERROR;
				CLANG_WARN_DOCUMENTATION_COMMENTS = YES;
				CLANG_WARN_EMPTY_BODY = YES;
				CLANG_WARN_ENUM_CONVERSION = YES;
				CLANG_WARN_INFINITE_RECURSION = YES;
				CLANG_WARN_INT_CONVERSION = YES;
				CLANG_WARN_NON_LITERAL_NULL_CONVERSION = YES;
				CLANG_WARN_OBJC_IMPLICIT_RETAIN_SELF = YES;
				CLANG_WARN_OBJC_LITERAL_CONVERSION = YES;
				CLANG_WARN_OBJC_ROOT_CLASS = YES_ERROR;
				CLANG_WARN_QUOTED_INCLUDE_IN_FRAMEWORK_HEADER = YES;
				CLANG_WARN_RANGE_LOOP_ANALYSIS = YES;
				CLANG_WARN_STRICT_PROTOTYPES = YES;
				CLANG_WARN_SUSPICIOUS_MOVE = YES;
				CLANG_WARN_UNGUARDED_AVAILABILITY = YES_AGGRESSIVE;
				CLANG_WARN_UNREACHABLE_CODE = YES;
				CLANG_WARN__DUPLICATE_METHOD_MATCH = YES;
				COPY_PHASE_STRIP = NO;
				DEBUG_INFORMATION_FORMAT = dwarf;
				ENABLE_STRICT_OBJC_MSGSEND = YES;
				ENABLE_TESTABILITY = YES;
				GCC_C_LANGUAGE_STANDARD = gnu11;
				GCC_DYNAMIC_NO_PIC = NO;
				GCC_NO_COMMON_BLOCKS = YES;
				GCC_OPTIMIZATION_LEVEL = 0;
				GCC_PREPROCESSOR_DEFINITIONS = (
					"DEBUG=1",
					"$(inherited)",
				);
				GCC_WARN_64_TO_32_BIT_CONVERSION = YES;
				GCC_WARN_ABOUT_RETURN_TYPE = YES_ERROR;
				GCC_WARN_UNDECLARED_SELECTOR = YES;
				GCC_WARN_UNINITIALIZED_AUTOS = YES_AGGRESSIVE;
				GCC_WARN_UNUSED_FUNCTION = YES;
				GCC_WARN_UNUSED_VARIABLE = YES;
				IPHONEOS_DEPLOYMENT_TARGET = 16.4;
				MTL_ENABLE_DEBUG_INFO = INCLUDE_SOURCE;
				MTL_FAST_MATH = YES;
				ONLY_ACTIVE_ARCH = YES;
				SDKROOT = iphoneos;
				SWIFT_ACTIVE_COMPILATION_CONDITIONS = DEBUG;
				SWIFT_OPTIMIZATION_LEVEL = "-Onone";
			};
			name = Debug;
		};
		5B468CF22AAF070500A87CE0 /* Release */ = {
			isa = XCBuildConfiguration;
			buildSettings = {
				ALWAYS_SEARCH_USER_PATHS = NO;
				CLANG_ANALYZER_NONNULL = YES;
				CLANG_ANALYZER_NUMBER_OBJECT_CONVERSION = YES_AGGRESSIVE;
				CLANG_CXX_LANGUAGE_STANDARD = "gnu++20";
				CLANG_ENABLE_MODULES = YES;
				CLANG_ENABLE_OBJC_ARC = YES;
				CLANG_ENABLE_OBJC_WEAK = YES;
				CLANG_WARN_BLOCK_CAPTURE_AUTORELEASING = YES;
				CLANG_WARN_BOOL_CONVERSION = YES;
				CLANG_WARN_COMMA = YES;
				CLANG_WARN_CONSTANT_CONVERSION = YES;
				CLANG_WARN_DEPRECATED_OBJC_IMPLEMENTATIONS = YES;
				CLANG_WARN_DIRECT_OBJC_ISA_USAGE = YES_ERROR;
				CLANG_WARN_DOCUMENTATION_COMMENTS = YES;
				CLANG_WARN_EMPTY_BODY = YES;
				CLANG_WARN_ENUM_CONVERSION = YES;
				CLANG_WARN_INFINITE_RECURSION = YES;
				CLANG_WARN_INT_CONVERSION = YES;
				CLANG_WARN_NON_LITERAL_NULL_CONVERSION = YES;
				CLANG_WARN_OBJC_IMPLICIT_RETAIN_SELF = YES;
				CLANG_WARN_OBJC_LITERAL_CONVERSION = YES;
				CLANG_WARN_OBJC_ROOT_CLASS = YES_ERROR;
				CLANG_WARN_QUOTED_INCLUDE_IN_FRAMEWORK_HEADER = YES;
				CLANG_WARN_RANGE_LOOP_ANALYSIS = YES;
				CLANG_WARN_STRICT_PROTOTYPES = YES;
				CLANG_WARN_SUSPICIOUS_MOVE = YES;
				CLANG_WARN_UNGUARDED_AVAILABILITY = YES_AGGRESSIVE;
				CLANG_WARN_UNREACHABLE_CODE = YES;
				CLANG_WARN__DUPLICATE_METHOD_MATCH = YES;
				COPY_PHASE_STRIP = NO;
				DEBUG_INFORMATION_FORMAT = "dwarf-with-dsym";
				ENABLE_NS_ASSERTIONS = NO;
				ENABLE_STRICT_OBJC_MSGSEND = YES;
				GCC_C_LANGUAGE_STANDARD = gnu11;
				GCC_NO_COMMON_BLOCKS = YES;
				GCC_WARN_64_TO_32_BIT_CONVERSION = YES;
				GCC_WARN_ABOUT_RETURN_TYPE = YES_ERROR;
				GCC_WARN_UNDECLARED_SELECTOR = YES;
				GCC_WARN_UNINITIALIZED_AUTOS = YES_AGGRESSIVE;
				GCC_WARN_UNUSED_FUNCTION = YES;
				GCC_WARN_UNUSED_VARIABLE = YES;
				IPHONEOS_DEPLOYMENT_TARGET = 16.4;
				MTL_ENABLE_DEBUG_INFO = NO;
				MTL_FAST_MATH = YES;
				SDKROOT = iphoneos;
				SWIFT_COMPILATION_MODE = wholemodule;
				SWIFT_OPTIMIZATION_LEVEL = "-O";
				VALIDATE_PRODUCT = YES;
			};
			name = Release;
		};
		5B468CF42AAF070500A87CE0 /* Debug */ = {
			isa = XCBuildConfiguration;
			buildSettings = {
				ASSETCATALOG_COMPILER_APPICON_NAME = AppIcon;
				ASSETCATALOG_COMPILER_GLOBAL_ACCENT_COLOR_NAME = AccentColor;
				CODE_SIGN_STYLE = Automatic;
				CURRENT_PROJECT_VERSION = 1;
				DEVELOPMENT_ASSET_PATHS = "\"Touchdown/Preview Content\"";
				DEVELOPMENT_TEAM = 8CUV75B9C7;
				ENABLE_PREVIEWS = YES;
				GENERATE_INFOPLIST_FILE = YES;
				INFOPLIST_FILE = Touchdown/Info.plist;
				INFOPLIST_KEY_UIApplicationSceneManifest_Generation = YES;
				INFOPLIST_KEY_UIApplicationSupportsIndirectInputEvents = YES;
				INFOPLIST_KEY_UISupportedInterfaceOrientations_iPad = "UIInterfaceOrientationPortrait UIInterfaceOrientationPortraitUpsideDown UIInterfaceOrientationLandscapeLeft UIInterfaceOrientationLandscapeRight";
				INFOPLIST_KEY_UISupportedInterfaceOrientations_iPhone = "UIInterfaceOrientationPortrait UIInterfaceOrientationLandscapeLeft UIInterfaceOrientationLandscapeRight";
				INFOPLIST_KEY_UIUserInterfaceStyle = Light;
				LD_RUNPATH_SEARCH_PATHS = (
					"$(inherited)",
					"@executable_path/Frameworks",
				);
				MARKETING_VERSION = 1.0;
				PRODUCT_BUNDLE_IDENTIFIER = com.zekibaklan.Touchdown;
				PRODUCT_NAME = "$(TARGET_NAME)";
				SWIFT_EMIT_LOC_STRINGS = YES;
				SWIFT_VERSION = 5.0;
				TARGETED_DEVICE_FAMILY = "1,2";
			};
			name = Debug;
		};
		5B468CF52AAF070500A87CE0 /* Release */ = {
			isa = XCBuildConfiguration;
			buildSettings = {
				ASSETCATALOG_COMPILER_APPICON_NAME = AppIcon;
				ASSETCATALOG_COMPILER_GLOBAL_ACCENT_COLOR_NAME = AccentColor;
				CODE_SIGN_STYLE = Automatic;
				CURRENT_PROJECT_VERSION = 1;
				DEVELOPMENT_ASSET_PATHS = "\"Touchdown/Preview Content\"";
				DEVELOPMENT_TEAM = 8CUV75B9C7;
				ENABLE_PREVIEWS = YES;
				GENERATE_INFOPLIST_FILE = YES;
				INFOPLIST_FILE = Touchdown/Info.plist;
				INFOPLIST_KEY_UIApplicationSceneManifest_Generation = YES;
				INFOPLIST_KEY_UIApplicationSupportsIndirectInputEvents = YES;
				INFOPLIST_KEY_UISupportedInterfaceOrientations_iPad = "UIInterfaceOrientationPortrait UIInterfaceOrientationPortraitUpsideDown UIInterfaceOrientationLandscapeLeft UIInterfaceOrientationLandscapeRight";
				INFOPLIST_KEY_UISupportedInterfaceOrientations_iPhone = "UIInterfaceOrientationPortrait UIInterfaceOrientationLandscapeLeft UIInterfaceOrientationLandscapeRight";
				INFOPLIST_KEY_UIUserInterfaceStyle = Light;
				LD_RUNPATH_SEARCH_PATHS = (
					"$(inherited)",
					"@executable_path/Frameworks",
				);
				MARKETING_VERSION = 1.0;
				PRODUCT_BUNDLE_IDENTIFIER = com.zekibaklan.Touchdown;
				PRODUCT_NAME = "$(TARGET_NAME)";
				SWIFT_EMIT_LOC_STRINGS = YES;
				SWIFT_VERSION = 5.0;
				TARGETED_DEVICE_FAMILY = "1,2";
			};
			name = Release;
		};
/* End XCBuildConfiguration section */

/* Begin XCConfigurationList section */
		5B468CE02AAF070400A87CE0 /* Build configuration list for PBXProject "Touchdown" */ = {
			isa = XCConfigurationList;
			buildConfigurations = (
				5B468CF12AAF070500A87CE0 /* Debug */,
				5B468CF22AAF070500A87CE0 /* Release */,
			);
			defaultConfigurationIsVisible = 0;
			defaultConfigurationName = Release;
		};
		5B468CF32AAF070500A87CE0 /* Build configuration list for PBXNativeTarget "Touchdown" */ = {
			isa = XCConfigurationList;
			buildConfigurations = (
				5B468CF42AAF070500A87CE0 /* Debug */,
				5B468CF52AAF070500A87CE0 /* Release */,
			);
			defaultConfigurationIsVisible = 0;
			defaultConfigurationName = Release;
		};
/* End XCConfigurationList section */
	};
	rootObject = 5B468CDD2AAF070400A87CE0 /* Project object */;
}
